
Microsoft Visual Studio Solution File, Format Version 12.00
# Visual Studio Version 17
VisualStudioVersion = 17.13.35806.99
MinimumVisualStudioVersion = 10.0.40219.1
Project("{FAE04EC0-301F-11D3-BF4B-00C04F79EFBC}") = "NetCoreERPSys", "NetCoreERPSys\NetCoreERPSys.csproj", "{38C3D4C1-18F0-4B53-9A8B-8F2A509355C9}"
EndProject
Project("{2150E333-8FDC-42A3-9474-1A3956D46DE8}") = "Solution Items", "Solution Items", "{02EA681E-C7D8-13C7-8484-4AC65E1B71E8}"
	ProjectSection(SolutionItems) = preProject
		.editorconfig = .editorconfig
	EndProjectSection
EndProject
Project("{FAE04EC0-301F-11D3-BF4B-00C04F79EFBC}") = "NetCoreRazor", "NetCoreRazor\NetCoreRazor.csproj", "{A869BE52-7BB7-46EB-9F31-7D3885DD15B5}"
EndProject
Project("{FAE04EC0-301F-11D3-BF4B-00C04F79EFBC}") = "NetCoreERPSys.DataAccess", "NetCoreERPSys.DataAccess\NetCoreERPSys.DataAccess.csproj", "{C917ECBE-94C8-4D49-9D45-6B4D1C477E13}"
EndProject
Project("{FAE04EC0-301F-11D3-BF4B-00C04F79EFBC}") = "NetCoreERPSys.Models", "NetCoreERPSys.Models\NetCoreERPSys.Models.csproj", "{259166EB-7C6D-4BD7-AA88-2749B2DF7012}"
EndProject
Project("{FAE04EC0-301F-11D3-BF4B-00C04F79EFBC}") = "NetCoreERPSys.Utility", "NetCoreERPSys.Utility\NetCoreERPSys.Utility.csproj", "{022588F5-7C8B-475F-BC97-B54BD50EEC1D}"
EndProject
Project("{FAE04EC0-301F-11D3-BF4B-00C04F79EFBC}") = "NetCoreERPSysWeb", "NetCoreERPSysWeb\NetCoreERPSysWeb.csproj", "{EE1603E0-1760-73AC-C23E-3776FC9E9F39}"
EndProject
Global
	GlobalSection(SolutionConfigurationPlatforms) = preSolution
		Debug|Any CPU = Debug|Any CPU
		Release|Any CPU = Release|Any CPU
	EndGlobalSection
	GlobalSection(ProjectConfigurationPlatforms) = postSolution
		{38C3D4C1-18F0-4B53-9A8B-8F2A509355C9}.Debug|Any CPU.ActiveCfg = Debug|Any CPU
		{38C3D4C1-18F0-4B53-9A8B-8F2A509355C9}.Debug|Any CPU.Build.0 = Debug|Any CPU
		{38C3D4C1-18F0-4B53-9A8B-8F2A509355C9}.Release|Any CPU.ActiveCfg = Release|Any CPU
		{38C3D4C1-18F0-4B53-9A8B-8F2A509355C9}.Release|Any CPU.Build.0 = Release|Any CPU
		{A869BE52-7BB7-46EB-9F31-7D3885DD15B5}.Debug|Any CPU.ActiveCfg = Debug|Any CPU
		{A869BE52-7BB7-46EB-9F31-7D3885DD15B5}.Debug|Any CPU.Build.0 = Debug|Any CPU
		{A869BE52-7BB7-46EB-9F31-7D3885DD15B5}.Release|Any CPU.ActiveCfg = Release|Any CPU
		{A869BE52-7BB7-46EB-9F31-7D3885DD15B5}.Release|Any CPU.Build.0 = Release|Any CPU
		{C917ECBE-94C8-4D49-9D45-6B4D1C477E13}.Debug|Any CPU.ActiveCfg = Debug|Any CPU
		{C917ECBE-94C8-4D49-9D45-6B4D1C477E13}.Debug|Any CPU.Build.0 = Debug|Any CPU
		{C917ECBE-94C8-4D49-9D45-6B4D1C477E13}.Release|Any CPU.ActiveCfg = Release|Any CPU
		{C917ECBE-94C8-4D49-9D45-6B4D1C477E13}.Release|Any CPU.Build.0 = Release|Any CPU
		{259166EB-7C6D-4BD7-AA88-2749B2DF7012}.Debug|Any CPU.ActiveCfg = Debug|Any CPU
		{259166EB-7C6D-4BD7-AA88-2749B2DF7012}.Debug|Any CPU.Build.0 = Debug|Any CPU
		{259166EB-7C6D-4BD7-AA88-2749B2DF7012}.Release|Any CPU.ActiveCfg = Release|Any CPU
		{259166EB-7C6D-4BD7-AA88-2749B2DF7012}.Release|Any CPU.Build.0 = Release|Any CPU
		{022588F5-7C8B-475F-BC97-B54BD50EEC1D}.Debug|Any CPU.ActiveCfg = Debug|Any CPU
		{022588F5-7C8B-475F-BC97-B54BD50EEC1D}.Debug|Any CPU.Build.0 = Debug|Any CPU
		{022588F5-7C8B-475F-BC97-B54BD50EEC1D}.Release|Any CPU.ActiveCfg = Release|Any CPU
		{022588F5-7C8B-475F-BC97-B54BD50EEC1D}.Release|Any CPU.Build.0 = Release|Any CPU
		{EE1603E0-1760-73AC-C23E-3776FC9E9F39}.Debug|Any CPU.ActiveCfg = Debug|Any CPU
		{EE1603E0-1760-73AC-C23E-3776FC9E9F39}.Debug|Any CPU.Build.0 = Debug|Any CPU
		{EE1603E0-1760-73AC-C23E-3776FC9E9F39}.Release|Any CPU.ActiveCfg = Release|Any CPU
		{EE1603E0-1760-73AC-C23E-3776FC9E9F39}.Release|Any CPU.Build.0 = Release|Any CPU
	EndGlobalSection
	GlobalSection(SolutionProperties) = preSolution
		HideSolutionNode = FALSE
	EndGlobalSection
	GlobalSection(ExtensibilityGlobals) = postSolution
		SolutionGuid = {29457E95-DDCC-4841-9BCC-F7A37A6FFAA5}
	EndGlobalSection
EndGlobal
